
Microsoft Visual Studio Solution File, Format Version 12.00
# Visual Studio Version 16
VisualStudioVersion = 16.0.29613.14
MinimumVisualStudioVersion = 10.0.40219.1
Project("{FAE04EC0-301F-11D3-BF4B-00C04F79EFBC}") = "MeusLivros", "MeusLivros\MeusLivros.csproj", "{BE51CD92-F28A-4AD6-AC17-B3AD64A2BFE6}"
EndProject
Global
	GlobalSection(SolutionConfigurationPlatforms) = preSolution
		Debug|Any CPU = Debug|Any CPU
		Release|Any CPU = Release|Any CPU
	EndGlobalSection
	GlobalSection(ProjectConfigurationPlatforms) = postSolution
		{BE51CD92-F28A-4AD6-AC17-B3AD64A2BFE6}.Debug|Any CPU.ActiveCfg = Debug|Any CPU
		{BE51CD92-F28A-4AD6-AC17-B3AD64A2BFE6}.Debug|Any CPU.Build.0 = Debug|Any CPU
		{BE51CD92-F28A-4AD6-AC17-B3AD64A2BFE6}.Release|Any CPU.ActiveCfg = Release|Any CPU
		{BE51CD92-F28A-4AD6-AC17-B3AD64A2BFE6}.Release|Any CPU.Build.0 = Release|Any CPU
	EndGlobalSection
	GlobalSection(SolutionProperties) = preSolution
		HideSolutionNode = FALSE
	EndGlobalSection
	GlobalSection(ExtensibilityGlobals) = postSolution
		SolutionGuid = {81262AEA-B7AA-4942-BD33-35F36CBED203}
	EndGlobalSection
EndGlobal
